
Microsoft Visual Studio Solution File, Format Version 12.00
# Visual Studio 2013
VisualStudioVersion = 12.0.31101.0
MinimumVisualStudioVersion = 10.0.40219.1
Project("{2150E333-8FDC-42A3-9474-1A3956D46DE8}") = "build", "build", "{DEE5DD87-39C1-BF34-B639-A387DCCF972B}"
	ProjectSection(SolutionItems) = preProject
		build\Common.csproj.props = build\Common.csproj.props
		build\Common.csproj.targets = build\Common.csproj.targets
		build\Common.Tests.csproj.props = build\Common.Tests.csproj.props
		build\icon.png = build\icon.png
		build\Package.props = build\Package.props
		build\Project.csproj.props = build\Project.csproj.props
	EndProjectSection
EndProject
Project("{FAE04EC0-301F-11D3-BF4B-00C04F79EFBC}") = "Bonsai.VR", "src\Bonsai.VR\Bonsai.VR.csproj", "{C1DF7569-40C8-606C-CB81-FF0A899177EA}"
EndProject
Global
	GlobalSection(SolutionConfigurationPlatforms) = preSolution
		Debug|Any CPU = Debug|Any CPU
		Debug|x64 = Debug|x64
		Release|Any CPU = Release|Any CPU
		Release|x64 = Release|x64
	EndGlobalSection
	GlobalSection(ProjectConfigurationPlatforms) = postSolution
		{C1DF7569-40C8-606C-CB81-FF0A899177EA}.Debug|Any CPU.ActiveCfg = Debug|Any CPU
		{C1DF7569-40C8-606C-CB81-FF0A899177EA}.Debug|Any CPU.Build.0 = Debug|Any CPU
		{C1DF7569-40C8-606C-CB81-FF0A899177EA}.Debug|x64.ActiveCfg = Debug|Any CPU
		{C1DF7569-40C8-606C-CB81-FF0A899177EA}.Debug|x64.Build.0 = Debug|Any CPU
		{C1DF7569-40C8-606C-CB81-FF0A899177EA}.Release|Any CPU.ActiveCfg = Release|Any CPU
		{C1DF7569-40C8-606C-CB81-FF0A899177EA}.Release|Any CPU.Build.0 = Release|Any CPU
		{C1DF7569-40C8-606C-CB81-FF0A899177EA}.Release|x64.ActiveCfg = Release|Any CPU
		{C1DF7569-40C8-606C-CB81-FF0A899177EA}.Release|x64.Build.0 = Release|Any CPU
	EndGlobalSection
	GlobalSection(SolutionProperties) = preSolution
		HideSolutionNode = FALSE
	EndGlobalSection
EndGlobal
